// !$*UTF8*$!
{
	archiveVersion = 1;
	classes = {
	};
	objectVersion = 46;
	objects = {

/* Begin PBXBuildFile section */
		4141E2FF1E500B7B008AAC03 /* AppDelegate.swift in Sources */ = {isa = PBXBuildFile; fileRef = 4141E2FE1E500B7B008AAC03 /* AppDelegate.swift */; };
		4141E3011E500B7B008AAC03 /* ViewController.swift in Sources */ = {isa = PBXBuildFile; fileRef = 4141E3001E500B7B008AAC03 /* ViewController.swift */; };
		4141E3041E500B7B008AAC03 /* Main.storyboard in Resources */ = {isa = PBXBuildFile; fileRef = 4141E3021E500B7B008AAC03 /* Main.storyboard */; };
		4141E3061E500B7B008AAC03 /* Assets.xcassets in Resources */ = {isa = PBXBuildFile; fileRef = 4141E3051E500B7B008AAC03 /* Assets.xcassets */; };
		4141E3091E500B7B008AAC03 /* LaunchScreen.storyboard in Resources */ = {isa = PBXBuildFile; fileRef = 4141E3071E500B7B008AAC03 /* LaunchScreen.storyboard */; };
		4141E3141E500B7B008AAC03 /* To_Do_ListTests.swift in Sources */ = {isa = PBXBuildFile; fileRef = 4141E3131E500B7B008AAC03 /* To_Do_ListTests.swift */; };
/* End PBXBuildFile section */

/* Begin PBXContainerItemProxy section */
		4141E3101E500B7B008AAC03 /* PBXContainerItemProxy */ = {
			isa = PBXContainerItemProxy;
			containerPortal = 4141E2F31E500B7B008AAC03 /* Project object */;
			proxyType = 1;
			remoteGlobalIDString = 4141E2FA1E500B7B008AAC03;
			remoteInfo = "To Do List";
		};
/* End PBXContainerItemProxy section */

/* Begin PBXFileReference section */
		4141E2FB1E500B7B008AAC03 /* To Do List.app */ = {isa = PBXFileReference; explicitFileType = wrapper.application; includeInIndex = 0; path = "To Do List.app"; sourceTree = BUILT_PRODUCTS_DIR; };
		4141E2FE1E500B7B008AAC03 /* AppDelegate.swift */ = {isa = PBXFileReference; lastKnownFileType = sourcecode.swift; path = AppDelegate.swift; sourceTree = "<group>"; };
		4141E3001E500B7B008AAC03 /* ViewController.swift */ = {isa = PBXFileReference; lastKnownFileType = sourcecode.swift; path = ViewController.swift; sourceTree = "<group>"; };
		4141E3031E500B7B008AAC03 /* Base */ = {isa = PBXFileReference; lastKnownFileType = file.storyboard; name = Base; path = Base.lproj/Main.storyboard; sourceTree = "<group>"; };
		4141E3051E500B7B008AAC03 /* Assets.xcassets */ = {isa = PBXFileReference; lastKnownFileType = folder.assetcatalog; path = Assets.xcassets; sourceTree = "<group>"; };
		4141E3081E500B7B008AAC03 /* Base */ = {isa = PBXFileReference; lastKnownFileType = file.storyboard; name = Base; path = Base.lproj/LaunchScreen.storyboard; sourceTree = "<group>"; };
		4141E30A1E500B7B008AAC03 /* Info.plist */ = {isa = PBXFileReference; lastKnownFileType = text.plist.xml; path = Info.plist; sourceTree = "<group>"; };
		4141E30F1E500B7B008AAC03 /* To Do ListTests.xctest */ = {isa = PBXFileReference; explicitFileType = wrapper.cfbundle; includeInIndex = 0; path = "To Do ListTests.xctest"; sourceTree = BUILT_PRODUCTS_DIR; };
		4141E3131E500B7B008AAC03 /* To_Do_ListTests.swift */ = {isa = PBXFileReference; lastKnownFileType = sourcecode.swift; path = To_Do_ListTests.swift; sourceTree = "<group>"; };
		4141E3151E500B7B008AAC03 /* Info.plist */ = {isa = PBXFileReference; lastKnownFileType = text.plist.xml; path = Info.plist; sourceTree = "<group>"; };
/* End PBXFileReference section */

/* Begin PBXFrameworksBuildPhase section */
		4141E2F81E500B7B008AAC03 /* Frameworks */ = {
			isa = PBXFrameworksBuildPhase;
			buildActionMask = 2147483647;
			files = (
			);
			runOnlyForDeploymentPostprocessing = 0;
		};
		4141E30C1E500B7B008AAC03 /* Frameworks */ = {
			isa = PBXFrameworksBuildPhase;
			buildActionMask = 2147483647;
			files = (
			);
			runOnlyForDeploymentPostprocessing = 0;
		};
/* End PBXFrameworksBuildPhase section */

/* Begin PBXGroup section */
		4141E2F21E500B7B008AAC03 = {
			isa = PBXGroup;
			children = (
				4141E2FD1E500B7B008AAC03 /* To Do List */,
				4141E3121E500B7B008AAC03 /* To Do ListTests */,
				4141E2FC1E500B7B008AAC03 /* Products */,
			);
			sourceTree = "<group>";
		};
		4141E2FC1E500B7B008AAC03 /* Products */ = {
			isa = PBXGroup;
			children = (
				4141E2FB1E500B7B008AAC03 /* To Do List.app */,
				4141E30F1E500B7B008AAC03 /* To Do ListTests.xctest */,
			);
			name = Products;
			sourceTree = "<group>";
		};
		4141E2FD1E500B7B008AAC03 /* To Do List */ = {
			isa = PBXGroup;
			children = (
				4141E2FE1E500B7B008AAC03 /* AppDelegate.swift */,
				4141E3001E500B7B008AAC03 /* ViewController.swift */,
				4141E3021E500B7B008AAC03 /* Main.storyboard */,
				4141E3051E500B7B008AAC03 /* Assets.xcassets */,
				4141E3071E500B7B008AAC03 /* LaunchScreen.storyboard */,
				4141E30A1E500B7B008AAC03 /* Info.plist */,
			);
			path = "To Do List";
			sourceTree = "<group>";
		};
		4141E3121E500B7B008AAC03 /* To Do ListTests */ = {
			isa = PBXGroup;
			children = (
				4141E3131E500B7B008AAC03 /* To_Do_ListTests.swift */,
				4141E3151E500B7B008AAC03 /* Info.plist */,
			);
			path = "To Do ListTests";
			sourceTree = "<group>";
		};
/* End PBXGroup section */

/* Begin PBXNativeTarget section */
		4141E2FA1E500B7B008AAC03 /* To Do List */ = {
			isa = PBXNativeTarget;
			buildConfigurationList = 4141E3181E500B7B008AAC03 /* Build configuration list for PBXNativeTarget "To Do List" */;
			buildPhases = (
				4141E2F71E500B7B008AAC03 /* Sources */,
				4141E2F81E500B7B008AAC03 /* Frameworks */,
				4141E2F91E500B7B008AAC03 /* Resources */,
			);
			buildRules = (
			);
			dependencies = (
			);
			name = "To Do List";
			productName = "To Do List";
			productReference = 4141E2FB1E500B7B008AAC03 /* To Do List.app */;
			productType = "com.apple.product-type.application";
		};
		4141E30E1E500B7B008AAC03 /* To Do ListTests */ = {
			isa = PBXNativeTarget;
			buildConfigurationList = 4141E31B1E500B7B008AAC03 /* Build configuration list for PBXNativeTarget "To Do ListTests" */;
			buildPhases = (
				4141E30B1E500B7B008AAC03 /* Sources */,
				4141E30C1E500B7B008AAC03 /* Frameworks */,
				4141E30D1E500B7B008AAC03 /* Resources */,
			);
			buildRules = (
			);
			dependencies = (
				4141E3111E500B7B008AAC03 /* PBXTargetDependency */,
			);
			name = "To Do ListTests";
			productName = "To Do ListTests";
			productReference = 4141E30F1E500B7B008AAC03 /* To Do ListTests.xctest */;
			productType = "com.apple.product-type.bundle.unit-test";
		};
/* End PBXNativeTarget section */

/* Begin PBXProject section */
		4141E2F31E500B7B008AAC03 /* Project object */ = {
			isa = PBXProject;
			attributes = {
				LastSwiftUpdateCheck = 0820;
				LastUpgradeCheck = 0820;
				ORGANIZATIONNAME = "Liuke Yang";
				TargetAttributes = {
					4141E2FA1E500B7B008AAC03 = {
						CreatedOnToolsVersion = 8.2.1;
						DevelopmentTeam = H8S4RT4KWP;
						ProvisioningStyle = Automatic;
					};
					4141E30E1E500B7B008AAC03 = {
						CreatedOnToolsVersion = 8.2.1;
						DevelopmentTeam = H8S4RT4KWP;
						ProvisioningStyle = Automatic;
						TestTargetID = 4141E2FA1E500B7B008AAC03;
					};
				};
			};
			buildConfigurationList = 4141E2F61E500B7B008AAC03 /* Build configuration list for PBXProject "To Do List" */;
			compatibilityVersion = "Xcode 3.2";
			developmentRegion = English;
			hasScannedForEncodings = 0;
			knownRegions = (
				en,
				Base,
			);
			mainGroup = 4141E2F21E500B7B008AAC03;
			productRefGroup = 4141E2FC1E500B7B008AAC03 /* Products */;
			projectDirPath = "";
			projectRoot = "";
			targets = (
				4141E2FA1E500B7B008AAC03 /* To Do List */,
				4141E30E1E500B7B008AAC03 /* To Do ListTests */,
			);
		};
/* End PBXProject section */

/* Begin PBXResourcesBuildPhase section */
		4141E2F91E500B7B008AAC03 /* Resources */ = {
			isa = PBXResourcesBuildPhase;
			buildActionMask = 2147483647;
			files = (
				4141E3091E500B7B008AAC03 /* LaunchScreen.storyboard in Resources */,
				4141E3061E500B7B008AAC03 /* Assets.xcassets in Resources */,
				4141E3041E500B7B008AAC03 /* Main.storyboard in Resources */,
			);
			runOnlyForDeploymentPostprocessing = 0;
		};
		4141E30D1E500B7B008AAC03 /* Resources */ = {
			isa = PBXResourcesBuildPhase;
			buildActionMask = 2147483647;
			files = (
			);
			runOnlyForDeploymentPostprocessing = 0;
		};
/* End PBXResourcesBuildPhase section */

/* Begin PBXSourcesBuildPhase section */
		4141E2F71E500B7B008AAC03 /* Sources */ = {
			isa = PBXSourcesBuildPhase;
			buildActionMask = 2147483647;
			files = (
				4141E3011E500B7B008AAC03 /* ViewController.swift in Sources */,
				4141E2FF1E500B7B008AAC03 /* AppDelegate.swift in Sources */,
			);
			runOnlyForDeploymentPostprocessing = 0;
		};
		4141E30B1E500B7B008AAC03 /* Sources */ = {
			isa = PBXSourcesBuildPhase;
			buildActionMask = 2147483647;
			files = (
				4141E3141E500B7B008AAC03 /* To_Do_ListTests.swift in Sources */,
			);
			runOnlyForDeploymentPostprocessing = 0;
		};
/* End PBXSourcesBuildPhase section */

/* Begin PBXTargetDependency section */
		4141E3111E500B7B008AAC03 /* PBXTargetDependency */ = {
			isa = PBXTargetDependency;
			target = 4141E2FA1E500B7B008AAC03 /* To Do List */;
			targetProxy = 4141E3101E500B7B008AAC03 /* PBXContainerItemProxy */;
		};
/* End PBXTargetDependency section */

/* Begin PBXVariantGroup section */
		4141E3021E500B7B008AAC03 /* Main.storyboard */ = {
			isa = PBXVariantGroup;
			children = (
				4141E3031E500B7B008AAC03 /* Base */,
			);
			name = Main.storyboard;
			sourceTree = "<group>";
		};
		4141E3071E500B7B008AAC03 /* LaunchScreen.storyboard */ = {
			isa = PBXVariantGroup;
			children = (
				4141E3081E500B7B008AAC03 /* Base */,
			);
			name = LaunchScreen.storyboard;
			sourceTree = "<group>";
		};
/* End PBXVariantGroup section */

/* Begin XCBuildConfiguration section */
		4141E3161E500B7B008AAC03 /* Debug */ = {
			isa = XCBuildConfiguration;
			buildSettings = {
				ALWAYS_SEARCH_USER_PATHS = NO;
				CLANG_ANALYZER_NONNULL = YES;
				CLANG_CXX_LANGUAGE_STANDARD = "gnu++0x";
				CLANG_CXX_LIBRARY = "libc++";
				CLANG_ENABLE_MODULES = YES;
				CLANG_ENABLE_OBJC_ARC = YES;
				CLANG_WARN_BOOL_CONVERSION = YES;
				CLANG_WARN_CONSTANT_CONVERSION = YES;
				CLANG_WARN_DIRECT_OBJC_ISA_USAGE = YES_ERROR;
				CLANG_WARN_DOCUMENTATION_COMMENTS = YES;
				CLANG_WARN_EMPTY_BODY = YES;
				CLANG_WARN_ENUM_CONVERSION = YES;
				CLANG_WARN_INFINITE_RECURSION = YES;
				CLANG_WARN_INT_CONVERSION = YES;
				CLANG_WARN_OBJC_ROOT_CLASS = YES_ERROR;
				CLANG_WARN_SUSPICIOUS_MOVE = YES;
				CLANG_WARN_UNREACHABLE_CODE = YES;
				CLANG_WARN__DUPLICATE_METHOD_MATCH = YES;
				"CODE_SIGN_IDENTITY[sdk=iphoneos*]" = "iPhone Developer";
				COPY_PHASE_STRIP = NO;
				DEBUG_INFORMATION_FORMAT = dwarf;
				ENABLE_STRICT_OBJC_MSGSEND = YES;
				ENABLE_TESTABILITY = YES;
				GCC_C_LANGUAGE_STANDARD = gnu99;
				GCC_DYNAMIC_NO_PIC = NO;
				GCC_NO_COMMON_BLOCKS = YES;
				GCC_OPTIMIZATION_LEVEL = 0;
				GCC_PREPROCESSOR_DEFINITIONS = (
					"DEBUG=1",
					"$(inherited)",
				);
				GCC_WARN_64_TO_32_BIT_CONVERSION = YES;
				GCC_WARN_ABOUT_RETURN_TYPE = YES_ERROR;
				GCC_WARN_UNDECLARED_SELECTOR = YES;
				GCC_WARN_UNINITIALIZED_AUTOS = YES_AGGRESSIVE;
				GCC_WARN_UNUSED_FUNCTION = YES;
				GCC_WARN_UNUSED_VARIABLE = YES;
				IPHONEOS_DEPLOYMENT_TARGET = 10.2;
				MTL_ENABLE_DEBUG_INFO = YES;
				ONLY_ACTIVE_ARCH = YES;
				SDKROOT = iphoneos;
				SWIFT_ACTIVE_COMPILATION_CONDITIONS = DEBUG;
				SWIFT_OPTIMIZATION_LEVEL = "-Onone";
				TARGETED_DEVICE_FAMILY = "1,2";
			};
			name = Debug;
		};
		4141E3171E500B7B008AAC03 /* Release */ = {
			isa = XCBuildConfiguration;
			buildSettings = {
				ALWAYS_SEARCH_USER_PATHS = NO;
				CLANG_ANALYZER_NONNULL = YES;
				CLANG_CXX_LANGUAGE_STANDARD = "gnu++0x";
				CLANG_CXX_LIBRARY = "libc++";
				CLANG_ENABLE_MODULES = YES;
				CLANG_ENABLE_OBJC_ARC = YES;
				CLANG_WARN_BOOL_CONVERSION = YES;
				CLANG_WARN_CONSTANT_CONVERSION = YES;
				CLANG_WARN_DIRECT_OBJC_ISA_USAGE = YES_ERROR;
				CLANG_WARN_DOCUMENTATION_COMMENTS = YES;
				CLANG_WARN_EMPTY_BODY = YES;
				CLANG_WARN_ENUM_CONVERSION = YES;
				CLANG_WARN_INFINITE_RECURSION = YES;
				CLANG_WARN_INT_CONVERSION = YES;
				CLANG_WARN_OBJC_ROOT_CLASS = YES_ERROR;
				CLANG_WARN_SUSPICIOUS_MOVE = YES;
				CLANG_WARN_UNREACHABLE_CODE = YES;
				CLANG_WARN__DUPLICATE_METHOD_MATCH = YES;
				"CODE_SIGN_IDENTITY[sdk=iphoneos*]" = "iPhone Developer";
				COPY_PHASE_STRIP = NO;
				DEBUG_INFORMATION_FORMAT = "dwarf-with-dsym";
				ENABLE_NS_ASSERTIONS = NO;
				ENABLE_STRICT_OBJC_MSGSEND = YES;
				GCC_C_LANGUAGE_STANDARD = gnu99;
				GCC_NO_COMMON_BLOCKS = YES;
				GCC_WARN_64_TO_32_BIT_CONVERSION = YES;
				GCC_WARN_ABOUT_RETURN_TYPE = YES_ERROR;
				GCC_WARN_UNDECLARED_SELECTOR = YES;
				GCC_WARN_UNINITIALIZED_AUTOS = YES_AGGRESSIVE;
				GCC_WARN_UNUSED_FUNCTION = YES;
				GCC_WARN_UNUSED_VARIABLE = YES;
				IPHONEOS_DEPLOYMENT_TARGET = 10.2;
				MTL_ENABLE_DEBUG_INFO = NO;
				SDKROOT = iphoneos;
				SWIFT_OPTIMIZATION_LEVEL = "-Owholemodule";
				TARGETED_DEVICE_FAMILY = "1,2";
				VALIDATE_PRODUCT = YES;
			};
			name = Release;
		};
		4141E3191E500B7B008AAC03 /* Debug */ = {
			isa = XCBuildConfiguration;
			buildSettings = {
				ASSETCATALOG_COMPILER_APPICON_NAME = AppIcon;
				DEVELOPMENT_TEAM = H8S4RT4KWP;
				INFOPLIST_FILE = "To Do List/Info.plist";
				LD_RUNPATH_SEARCH_PATHS = "$(inherited) @executable_path/Frameworks";
				PRODUCT_BUNDLE_IDENTIFIER = "com.Practice-Project-1.To-Do-List";
				PRODUCT_NAME = "$(TARGET_NAME)";
				SWIFT_VERSION = 3.0;
			};
			name = Debug;
		};
		4141E31A1E500B7B008AAC03 /* Release */ = {
			isa = XCBuildConfiguration;
			buildSettings = {
				ASSETCATALOG_COMPILER_APPICON_NAME = AppIcon;
				DEVELOPMENT_TEAM = H8S4RT4KWP;
				INFOPLIST_FILE = "To Do List/Info.plist";
				LD_RUNPATH_SEARCH_PATHS = "$(inherited) @executable_path/Frameworks";
				PRODUCT_BUNDLE_IDENTIFIER = "com.Practice-Project-1.To-Do-List";
				PRODUCT_NAME = "$(TARGET_NAME)";
				SWIFT_VERSION = 3.0;
			};
			name = Release;
		};
		4141E31C1E500B7B008AAC03 /* Debug */ = {
			isa = XCBuildConfiguration;
			buildSettings = {
				ALWAYS_EMBED_SWIFT_STANDARD_LIBRARIES = YES;
				BUNDLE_LOADER = "$(TEST_HOST)";
				DEVELOPMENT_TEAM = H8S4RT4KWP;
				INFOPLIST_FILE = "To Do ListTests/Info.plist";
				LD_RUNPATH_SEARCH_PATHS = "$(inherited) @executable_path/Frameworks @loader_path/Frameworks";
				PRODUCT_BUNDLE_IDENTIFIER = "com.Practice-Project-1.To-Do-ListTests";
				PRODUCT_NAME = "$(TARGET_NAME)";
				SWIFT_VERSION = 3.0;
				TEST_HOST = "$(BUILT_PRODUCTS_DIR)/To Do List.app/To Do List";
			};
			name = Debug;
		};
		4141E31D1E500B7B008AAC03 /* Release */ = {
			isa = XCBuildConfiguration;
			buildSettings = {
				ALWAYS_EMBED_SWIFT_STANDARD_LIBRARIES = YES;
				BUNDLE_LOADER = "$(TEST_HOST)";
				DEVELOPMENT_TEAM = H8S4RT4KWP;
				INFOPLIST_FILE = "To Do ListTests/Info.plist";
				LD_RUNPATH_SEARCH_PATHS = "$(inherited) @executable_path/Frameworks @loader_path/Frameworks";
				PRODUCT_BUNDLE_IDENTIFIER = "com.Practice-Project-1.To-Do-ListTests";
				PRODUCT_NAME = "$(TARGET_NAME)";
				SWIFT_VERSION = 3.0;
				TEST_HOST = "$(BUILT_PRODUCTS_DIR)/To Do List.app/To Do List";
			};
			name = Release;
		};
/* End XCBuildConfiguration section */

/* Begin XCConfigurationList section */
		4141E2F61E500B7B008AAC03 /* Build configuration list for PBXProject "To Do List" */ = {
			isa = XCConfigurationList;
			buildConfigurations = (
				4141E3161E500B7B008AAC03 /* Debug */,
				4141E3171E500B7B008AAC03 /* Release */,
			);
			defaultConfigurationIsVisible = 0;
			defaultConfigurationName = Release;
		};
		4141E3181E500B7B008AAC03 /* Build configuration list for PBXNativeTarget "To Do List" */ = {
			isa = XCConfigurationList;
			buildConfigurations = (
				4141E3191E500B7B008AAC03 /* Debug */,
				4141E31A1E500B7B008AAC03 /* Release */,
			);
			defaultConfigurationIsVisible = 0;
		};
		4141E31B1E500B7B008AAC03 /* Build configuration list for PBXNativeTarget "To Do ListTests" */ = {
			isa = XCConfigurationList;
			buildConfigurations = (
				4141E31C1E500B7B008AAC03 /* Debug */,
				4141E31D1E500B7B008AAC03 /* Release */,
			);
			defaultConfigurationIsVisible = 0;
		};
/* End XCConfigurationList section */
	};
	rootObject = 4141E2F31E500B7B008AAC03 /* Project object */;
}
